Microsoft Visual Studio Solution File, Format Version 12.00
# Visual Studio Version 17
VisualStudioVersion = 17.5.33516.290
MinimumVisualStudioVersion = 10.0.40219.1
Project("{9A19103F-16F7-4668-BE54-9A1E7A4F7556}") = "NearMessage.Domain", "NearMessage.Domain\NearMessage.Domain.csproj", "{E2901BCB-B7FB-4C92-B0FA-AC251984DE74}"
EndProject
Project("{9A19103F-16F7-4668-BE54-9A1E7A4F7556}") = "NearMessage.Application", "NearMessage.Application\NearMessage.Application.csproj", "{95466735-3CB1-4ABB-AFC5-318292CB7DF9}"
EndProject
Project("{9A19103F-16F7-4668-BE54-9A1E7A4F7556}") = "NearMessage.API", "NearMessage.API\NearMessage.API.csproj", "{394097ED-422F-4F49-9C4E-FFFB8329A6F0}"
EndProject
Project("{2150E333-8FDC-42A3-9474-1A3956D46DE8}") = "src", "src", "{94DFE863-EE47-41F3-9FB8-593A670F0A8F}"
EndProject
Project("{2150E333-8FDC-42A3-9474-1A3956D46DE8}") = "tests", "tests", "{1FD9AFA2-BDD6-4085-9CE1-3B00132410C8}"
EndProject
Project("{2150E333-8FDC-42A3-9474-1A3956D46DE8}") = "Application", "Application", "{10DEB9F0-D65C-444F-9005-B6AD6D216829}"
EndProject
Project("{2150E333-8FDC-42A3-9474-1A3956D46DE8}") = "Infrastructure", "Infrastructure", "{ACEB3F59-E611-495B-B774-5AF2E8DBD8D9}"
EndProject
Project("{2150E333-8FDC-42A3-9474-1A3956D46DE8}") = "Presentation", "Presentation", "{22C2E781-F11E-4EA0-8303-11EF36031FBD}"
EndProject
Project("{2150E333-8FDC-42A3-9474-1A3956D46DE8}") = "Common", "Common", "{85DE6642-9F2E-4651-954F-D9A74B877617}"
EndProject
Project("{9A19103F-16F7-4668-BE54-9A1E7A4F7556}") = "NearMessage.Common.Abstractions", "NearMessage.Common.Abstractions\NearMessage.Common.Abstractions.csproj", "{1BCA6567-8FB4-4451-9D99-578F046B51C9}"
EndProject
Project("{9A19103F-16F7-4668-BE54-9A1E7A4F7556}") = "NearMessage.Common.Primitives", "NearMessage.Common.Primitives\NearMessage.Common.Primitives.csproj", "{8C9C07F3-4519-48DA-B64D-57F238FAB5AE}"
EndProject
Project("{2150E333-8FDC-42A3-9474-1A3956D46DE8}") = "Domain", "Domain", "{B2499938-2E59-4820-8AF9-D3FFFE9ED389}"
EndProject
Project("{9A19103F-16F7-4668-BE54-9A1E7A4F7556}") = "NearMessage.Infrastructure", "NearMessage.Infrastructure\NearMessage.Infrastructure.csproj", "{CE63AABB-7B19-4D52-B408-D83440276F99}"
EndProject
Project("{9A19103F-16F7-4668-BE54-9A1E7A4F7556}") = "NearMessage.Persistence", "NearMessage.Persistence\NearMessage.Persistence.csproj", "{7F58A348-E698-4302-830B-668A195AEE1A}"
EndProject
Project("{FAE04EC0-301F-11D3-BF4B-00C04F79EFBC}") = "Client", "Client\Client.csproj", "{B88B70D8-3161-4324-A2E3-DCE09CDDB03A}"
EndProject
Global
	GlobalSection(SolutionConfigurationPlatforms) = preSolution
		Debug|Any CPU = Debug|Any CPU
		Release|Any CPU = Release|Any CPU
	EndGlobalSection
	GlobalSection(ProjectConfigurationPlatforms) = postSolution
		{E2901BCB-B7FB-4C92-B0FA-AC251984DE74}.Debug|Any CPU.ActiveCfg = Debug|Any CPU
		{E2901BCB-B7FB-4C92-B0FA-AC251984DE74}.Debug|Any CPU.Build.0 = Debug|Any CPU
		{E2901BCB-B7FB-4C92-B0FA-AC251984DE74}.Release|Any CPU.ActiveCfg = Release|Any CPU
		{E2901BCB-B7FB-4C92-B0FA-AC251984DE74}.Release|Any CPU.Build.0 = Release|Any CPU
		{95466735-3CB1-4ABB-AFC5-318292CB7DF9}.Debug|Any CPU.ActiveCfg = Debug|Any CPU
		{95466735-3CB1-4ABB-AFC5-318292CB7DF9}.Debug|Any CPU.Build.0 = Debug|Any CPU
		{95466735-3CB1-4ABB-AFC5-318292CB7DF9}.Release|Any CPU.ActiveCfg = Release|Any CPU
		{95466735-3CB1-4ABB-AFC5-318292CB7DF9}.Release|Any CPU.Build.0 = Release|Any CPU
		{394097ED-422F-4F49-9C4E-FFFB8329A6F0}.Debug|Any CPU.ActiveCfg = Debug|Any CPU
		{394097ED-422F-4F49-9C4E-FFFB8329A6F0}.Debug|Any CPU.Build.0 = Debug|Any CPU
		{394097ED-422F-4F49-9C4E-FFFB8329A6F0}.Release|Any CPU.ActiveCfg = Release|Any CPU
		{394097ED-422F-4F49-9C4E-FFFB8329A6F0}.Release|Any CPU.Build.0 = Release|Any CPU
		{1BCA6567-8FB4-4451-9D99-578F046B51C9}.Debug|Any CPU.ActiveCfg = Debug|Any CPU
		{1BCA6567-8FB4-4451-9D99-578F046B51C9}.Debug|Any CPU.Build.0 = Debug|Any CPU
		{1BCA6567-8FB4-4451-9D99-578F046B51C9}.Release|Any CPU.ActiveCfg = Release|Any CPU
		{1BCA6567-8FB4-4451-9D99-578F046B51C9}.Release|Any CPU.Build.0 = Release|Any CPU
		{8C9C07F3-4519-48DA-B64D-57F238FAB5AE}.Debug|Any CPU.ActiveCfg = Debug|Any CPU
		{8C9C07F3-4519-48DA-B64D-57F238FAB5AE}.Debug|Any CPU.Build.0 = Debug|Any CPU
		{8C9C07F3-4519-48DA-B64D-57F238FAB5AE}.Release|Any CPU.ActiveCfg = Release|Any CPU
		{8C9C07F3-4519-48DA-B64D-57F238FAB5AE}.Release|Any CPU.Build.0 = Release|Any CPU
		{CE63AABB-7B19-4D52-B408-D83440276F99}.Debug|Any CPU.ActiveCfg = Debug|Any CPU
		{CE63AABB-7B19-4D52-B408-D83440276F99}.Debug|Any CPU.Build.0 = Debug|Any CPU
		{CE63AABB-7B19-4D52-B408-D83440276F99}.Release|Any CPU.ActiveCfg = Release|Any CPU
		{CE63AABB-7B19-4D52-B408-D83440276F99}.Release|Any CPU.Build.0 = Release|Any CPU
		{7F58A348-E698-4302-830B-668A195AEE1A}.Debug|Any CPU.ActiveCfg = Debug|Any CPU
		{7F58A348-E698-4302-830B-668A195AEE1A}.Debug|Any CPU.Build.0 = Debug|Any CPU
		{7F58A348-E698-4302-830B-668A195AEE1A}.Release|Any CPU.ActiveCfg = Release|Any CPU
		{7F58A348-E698-4302-830B-668A195AEE1A}.Release|Any CPU.Build.0 = Release|Any CPU
		{B88B70D8-3161-4324-A2E3-DCE09CDDB03A}.Debug|Any CPU.ActiveCfg = Debug|Any CPU
		{B88B70D8-3161-4324-A2E3-DCE09CDDB03A}.Debug|Any CPU.Build.0 = Debug|Any CPU
		{B88B70D8-3161-4324-A2E3-DCE09CDDB03A}.Release|Any CPU.ActiveCfg = Release|Any CPU
		{B88B70D8-3161-4324-A2E3-DCE09CDDB03A}.Release|Any CPU.Build.0 = Release|Any CPU
	EndGlobalSection
	GlobalSection(SolutionProperties) = preSolution
		HideSolutionNode = FALSE
	EndGlobalSection
	GlobalSection(NestedProjects) = preSolution
		{E2901BCB-B7FB-4C92-B0FA-AC251984DE74} = {B2499938-2E59-4820-8AF9-D3FFFE9ED389}
		{95466735-3CB1-4ABB-AFC5-318292CB7DF9} = {10DEB9F0-D65C-444F-9005-B6AD6D216829}
		{394097ED-422F-4F49-9C4E-FFFB8329A6F0} = {22C2E781-F11E-4EA0-8303-11EF36031FBD}
		{10DEB9F0-D65C-444F-9005-B6AD6D216829} = {94DFE863-EE47-41F3-9FB8-593A670F0A8F}
		{ACEB3F59-E611-495B-B774-5AF2E8DBD8D9} = {94DFE863-EE47-41F3-9FB8-593A670F0A8F}
		{22C2E781-F11E-4EA0-8303-11EF36031FBD} = {94DFE863-EE47-41F3-9FB8-593A670F0A8F}
		{85DE6642-9F2E-4651-954F-D9A74B877617} = {94DFE863-EE47-41F3-9FB8-593A670F0A8F}
		{1BCA6567-8FB4-4451-9D99-578F046B51C9} = {85DE6642-9F2E-4651-954F-D9A74B877617}
		{8C9C07F3-4519-48DA-B64D-57F238FAB5AE} = {85DE6642-9F2E-4651-954F-D9A74B877617}
		{B2499938-2E59-4820-8AF9-D3FFFE9ED389} = {94DFE863-EE47-41F3-9FB8-593A670F0A8F}
		{CE63AABB-7B19-4D52-B408-D83440276F99} = {ACEB3F59-E611-495B-B774-5AF2E8DBD8D9}
		{7F58A348-E698-4302-830B-668A195AEE1A} = {ACEB3F59-E611-495B-B774-5AF2E8DBD8D9}
	EndGlobalSection
	GlobalSection(ExtensibilityGlobals) = postSolution
		SolutionGuid = {FF201BDA-0456-44A2-84FF-A36E65B79DB8}
	EndGlobalSection
EndGlobal
