
Microsoft Visual Studio Solution File, Format Version 12.00
# Visual Studio Version 17
VisualStudioVersion = 17.5.33516.290
MinimumVisualStudioVersion = 10.0.40219.1
Project("{9A19103F-16F7-4668-BE54-9A1E7A4F7556}") = "NearMessage.Domain", "NearMessage.Domain\NearMessage.Domain.csproj", "{E2901BCB-B7FB-4C92-B0FA-AC251984DE74}"
EndProject
Project("{9A19103F-16F7-4668-BE54-9A1E7A4F7556}") = "NearMessage.Application", "NearMessage.Application\NearMessage.Application.csproj", "{95466735-3CB1-4ABB-AFC5-318292CB7DF9}"
EndProject
Project("{9A19103F-16F7-4668-BE54-9A1E7A4F7556}") = "NearMessage.Infrastructure", "NearMessage.Infrastructure\NearMessage.Infrastructure.csproj", "{50AADF12-D211-4683-96ED-4014194DB88B}"
EndProject
Project("{9A19103F-16F7-4668-BE54-9A1E7A4F7556}") = "NearMessage.API", "NearMessage.API\NearMessage.API.csproj", "{394097ED-422F-4F49-9C4E-FFFB8329A6F0}"
EndProject
Project("{9A19103F-16F7-4668-BE54-9A1E7A4F7556}") = "NearMessage.Presentation", "NearMessage.Presentation\NearMessage.Presentation.csproj", "{11BBB808-06F9-4835-B383-C8BA2C057BEA}"
EndProject
Project("{2150E333-8FDC-42A3-9474-1A3956D46DE8}") = "src", "src", "{94DFE863-EE47-41F3-9FB8-593A670F0A8F}"
EndProject
Global
	GlobalSection(SolutionConfigurationPlatforms) = preSolution
		Debug|Any CPU = Debug|Any CPU
		Release|Any CPU = Release|Any CPU
	EndGlobalSection
	GlobalSection(ProjectConfigurationPlatforms) = postSolution
		{E2901BCB-B7FB-4C92-B0FA-AC251984DE74}.Debug|Any CPU.ActiveCfg = Debug|Any CPU
		{E2901BCB-B7FB-4C92-B0FA-AC251984DE74}.Debug|Any CPU.Build.0 = Debug|Any CPU
		{E2901BCB-B7FB-4C92-B0FA-AC251984DE74}.Release|Any CPU.ActiveCfg = Release|Any CPU
		{E2901BCB-B7FB-4C92-B0FA-AC251984DE74}.Release|Any CPU.Build.0 = Release|Any CPU
		{95466735-3CB1-4ABB-AFC5-318292CB7DF9}.Debug|Any CPU.ActiveCfg = Debug|Any CPU
		{95466735-3CB1-4ABB-AFC5-318292CB7DF9}.Debug|Any CPU.Build.0 = Debug|Any CPU
		{95466735-3CB1-4ABB-AFC5-318292CB7DF9}.Release|Any CPU.ActiveCfg = Release|Any CPU
		{95466735-3CB1-4ABB-AFC5-318292CB7DF9}.Release|Any CPU.Build.0 = Release|Any CPU
		{50AADF12-D211-4683-96ED-4014194DB88B}.Debug|Any CPU.ActiveCfg = Debug|Any CPU
		{50AADF12-D211-4683-96ED-4014194DB88B}.Debug|Any CPU.Build.0 = Debug|Any CPU
		{50AADF12-D211-4683-96ED-4014194DB88B}.Release|Any CPU.ActiveCfg = Release|Any CPU
		{50AADF12-D211-4683-96ED-4014194DB88B}.Release|Any CPU.Build.0 = Release|Any CPU
		{394097ED-422F-4F49-9C4E-FFFB8329A6F0}.Debug|Any CPU.ActiveCfg = Debug|Any CPU
		{394097ED-422F-4F49-9C4E-FFFB8329A6F0}.Debug|Any CPU.Build.0 = Debug|Any CPU
		{394097ED-422F-4F49-9C4E-FFFB8329A6F0}.Release|Any CPU.ActiveCfg = Release|Any CPU
		{394097ED-422F-4F49-9C4E-FFFB8329A6F0}.Release|Any CPU.Build.0 = Release|Any CPU
		{11BBB808-06F9-4835-B383-C8BA2C057BEA}.Debug|Any CPU.ActiveCfg = Debug|Any CPU
		{11BBB808-06F9-4835-B383-C8BA2C057BEA}.Debug|Any CPU.Build.0 = Debug|Any CPU
		{11BBB808-06F9-4835-B383-C8BA2C057BEA}.Release|Any CPU.ActiveCfg = Release|Any CPU
		{11BBB808-06F9-4835-B383-C8BA2C057BEA}.Release|Any CPU.Build.0 = Release|Any CPU
	EndGlobalSection
	GlobalSection(SolutionProperties) = preSolution
		HideSolutionNode = FALSE
	EndGlobalSection
	GlobalSection(NestedProjects) = preSolution
		{E2901BCB-B7FB-4C92-B0FA-AC251984DE74} = {94DFE863-EE47-41F3-9FB8-593A670F0A8F}
		{95466735-3CB1-4ABB-AFC5-318292CB7DF9} = {94DFE863-EE47-41F3-9FB8-593A670F0A8F}
		{50AADF12-D211-4683-96ED-4014194DB88B} = {94DFE863-EE47-41F3-9FB8-593A670F0A8F}
		{394097ED-422F-4F49-9C4E-FFFB8329A6F0} = {94DFE863-EE47-41F3-9FB8-593A670F0A8F}
		{11BBB808-06F9-4835-B383-C8BA2C057BEA} = {94DFE863-EE47-41F3-9FB8-593A670F0A8F}
	EndGlobalSection
	GlobalSection(ExtensibilityGlobals) = postSolution
		SolutionGuid = {FF201BDA-0456-44A2-84FF-A36E65B79DB8}
	EndGlobalSection
EndGlobal
